
Microsoft Visual Studio Solution File, Format Version 12.00
# Visual Studio Version 17
VisualStudioVersion = 17.7.34031.279
MinimumVisualStudioVersion = 10.0.40219.1
Project("{8BC9CEB8-8B4A-11D0-8D11-00A0C91BC942}") = "oop_1.7", "oop_1.7\oop_1.7.vcxproj", "{009DD0AF-EC7C-428C-9CD9-F323B208161F}"
EndProject
Project("{8BC9CEB8-8B4A-11D0-8D11-00A0C91BC942}") = "UnitTest1", "UnitTest1\UnitTest1.vcxproj", "{4E59FA5C-F28C-4FB7-9FD7-C571ABFA97EC}"
EndProject
Global
	GlobalSection(SolutionConfigurationPlatforms) = preSolution
		Debug|x64 = Debug|x64
		Debug|x86 = Debug|x86
		Release|x64 = Release|x64
		Release|x86 = Release|x86
	EndGlobalSection
	GlobalSection(ProjectConfigurationPlatforms) = postSolution
		{009DD0AF-EC7C-428C-9CD9-F323B208161F}.Debug|x64.ActiveCfg = Debug|x64
		{009DD0AF-EC7C-428C-9CD9-F323B208161F}.Debug|x64.Build.0 = Debug|x64
		{009DD0AF-EC7C-428C-9CD9-F323B208161F}.Debug|x86.ActiveCfg = Debug|Win32
		{009DD0AF-EC7C-428C-9CD9-F323B208161F}.Debug|x86.Build.0 = Debug|Win32
		{009DD0AF-EC7C-428C-9CD9-F323B208161F}.Release|x64.ActiveCfg = Release|x64
		{009DD0AF-EC7C-428C-9CD9-F323B208161F}.Release|x64.Build.0 = Release|x64
		{009DD0AF-EC7C-428C-9CD9-F323B208161F}.Release|x86.ActiveCfg = Release|Win32
		{009DD0AF-EC7C-428C-9CD9-F323B208161F}.Release|x86.Build.0 = Release|Win32
		{4E59FA5C-F28C-4FB7-9FD7-C571ABFA97EC}.Debug|x64.ActiveCfg = Debug|x64
		{4E59FA5C-F28C-4FB7-9FD7-C571ABFA97EC}.Debug|x64.Build.0 = Debug|x64
		{4E59FA5C-F28C-4FB7-9FD7-C571ABFA97EC}.Debug|x86.ActiveCfg = Debug|Win32
		{4E59FA5C-F28C-4FB7-9FD7-C571ABFA97EC}.Debug|x86.Build.0 = Debug|Win32
		{4E59FA5C-F28C-4FB7-9FD7-C571ABFA97EC}.Release|x64.ActiveCfg = Release|x64
		{4E59FA5C-F28C-4FB7-9FD7-C571ABFA97EC}.Release|x64.Build.0 = Release|x64
		{4E59FA5C-F28C-4FB7-9FD7-C571ABFA97EC}.Release|x86.ActiveCfg = Release|Win32
		{4E59FA5C-F28C-4FB7-9FD7-C571ABFA97EC}.Release|x86.Build.0 = Release|Win32
	EndGlobalSection
	GlobalSection(SolutionProperties) = preSolution
		HideSolutionNode = FALSE
	EndGlobalSection
	GlobalSection(ExtensibilityGlobals) = postSolution
		SolutionGuid = {6738FAA6-63A9-4011-BF0C-C77C8CD6C259}
	EndGlobalSection
EndGlobal
